github.com/go-kratos/kratos/v3 v3.0.0 h1:dCXqKoeo2Bo9jgC72YfuwJ3g7bPCkHeVeNGyZQ51bLE=
github.com/go-kratos/kratos/v3 v3.0.0/go.mod h1:8l+0M5UPlm/5hWLvS+wzxHRVRv6sHMG6Lgb4+rw1KIs=
github.com/liujitcn/go-utils/http v0.0.5 h1:gNvxc2vNLszw2lkeme1fqFtAIRy7j444UHBJN5Q82l4=
github.com/liujitcn/go-utils/http v0.0.5/go.mod h1:0OZD9Mc75BOE3thAPJgICwS9ADUkFq7zsbbVAwrAx3o=
